// !$*UTF8*$!
{
	archiveVersion = 1;
	classes = {
	};
	objectVersion = 46;
	objects = {

/* Begin PBXBuildFile section */
		29966C0B1EC222FF00722E0B /* AppDelegate.swift in Sources */ = {isa = PBXBuildFile; fileRef = 29966C0A1EC222FF00722E0B /* AppDelegate.swift */; };
		29966C0D1EC222FF00722E0B /* ViewController.swift in Sources */ = {isa = PBXBuildFile; fileRef = 29966C0C1EC222FF00722E0B /* ViewController.swift */; };
		29966C101EC222FF00722E0B /* Main.storyboard in Resources */ = {isa = PBXBuildFile; fileRef = 29966C0E1EC222FF00722E0B /* Main.storyboard */; };
		29966C121EC222FF00722E0B /* Assets.xcassets in Resources */ = {isa = PBXBuildFile; fileRef = 29966C111EC222FF00722E0B /* Assets.xcassets */; };
		29966C151EC222FF00722E0B /* LaunchScreen.storyboard in Resources */ = {isa = PBXBuildFile; fileRef = 29966C131EC222FF00722E0B /* LaunchScreen.storyboard */; };
		29966C201EC222FF00722E0B /* EVA3_PERSISTENCIA_2Tests.swift in Sources */ = {isa = PBXBuildFile; fileRef = 29966C1F1EC222FF00722E0B /* EVA3_PERSISTENCIA_2Tests.swift */; };
		29966C2B1EC222FF00722E0B /* EVA3_PERSISTENCIA_2UITests.swift in Sources */ = {isa = PBXBuildFile; fileRef = 29966C2A1EC222FF00722E0B /* EVA3_PERSISTENCIA_2UITests.swift */; };
/* End PBXBuildFile section */

/* Begin PBXContainerItemProxy section */
		29966C1C1EC222FF00722E0B /* PBXContainerItemProxy */ = {
			isa = PBXContainerItemProxy;
			containerPortal = 29966BFF1EC222FF00722E0B /* Project object */;
			proxyType = 1;
			remoteGlobalIDString = 29966C061EC222FF00722E0B;
			remoteInfo = EVA3_PERSISTENCIA_2;
		};
		29966C271EC222FF00722E0B /* PBXContainerItemProxy */ = {
			isa = PBXContainerItemProxy;
			containerPortal = 29966BFF1EC222FF00722E0B /* Project object */;
			proxyType = 1;
			remoteGlobalIDString = 29966C061EC222FF00722E0B;
			remoteInfo = EVA3_PERSISTENCIA_2;
		};
/* End PBXContainerItemProxy section */

/* Begin PBXFileReference section */
		29966C071EC222FF00722E0B /* EVA3_PERSISTENCIA_2.app */ = {isa = PBXFileReference; explicitFileType = wrapper.application; includeInIndex = 0; path = EVA3_PERSISTENCIA_2.app; sourceTree = BUILT_PRODUCTS_DIR; };
		29966C0A1EC222FF00722E0B /* AppDelegate.swift */ = {isa = PBXFileReference; lastKnownFileType = sourcecode.swift; path = AppDelegate.swift; sourceTree = "<group>"; };
		29966C0C1EC222FF00722E0B /* ViewController.swift */ = {isa = PBXFileReference; lastKnownFileType = sourcecode.swift; path = ViewController.swift; sourceTree = "<group>"; };
		29966C0F1EC222FF00722E0B /* Base */ = {isa = PBXFileReference; lastKnownFileType = file.storyboard; name = Base; path = Base.lproj/Main.storyboard; sourceTree = "<group>"; };
		29966C111EC222FF00722E0B /* Assets.xcassets */ = {isa = PBXFileReference; lastKnownFileType = folder.assetcatalog; path = Assets.xcassets; sourceTree = "<group>"; };
		29966C141EC222FF00722E0B /* Base */ = {isa = PBXFileReference; lastKnownFileType = file.storyboard; name = Base; path = Base.lproj/LaunchScreen.storyboard; sourceTree = "<group>"; };
		29966C161EC222FF00722E0B /* Info.plist */ = {isa = PBXFileReference; lastKnownFileType = text.plist.xml; path = Info.plist; sourceTree = "<group>"; };
		29966C1B1EC222FF00722E0B /* EVA3_PERSISTENCIA_2Tests.xctest */ = {isa = PBXFileReference; explicitFileType = wrapper.cfbundle; includeInIndex = 0; path = EVA3_PERSISTENCIA_2Tests.xctest; sourceTree = BUILT_PRODUCTS_DIR; };
		29966C1F1EC222FF00722E0B /* EVA3_PERSISTENCIA_2Tests.swift */ = {isa = PBXFileReference; lastKnownFileType = sourcecode.swift; path = EVA3_PERSISTENCIA_2Tests.swift; sourceTree = "<group>"; };
		29966C211EC222FF00722E0B /* Info.plist */ = {isa = PBXFileReference; lastKnownFileType = text.plist.xml; path = Info.plist; sourceTree = "<group>"; };
		29966C261EC222FF00722E0B /* EVA3_PERSISTENCIA_2UITests.xctest */ = {isa = PBXFileReference; explicitFileType = wrapper.cfbundle; includeInIndex = 0; path = EVA3_PERSISTENCIA_2UITests.xctest; sourceTree = BUILT_PRODUCTS_DIR; };
		29966C2A1EC222FF00722E0B /* EVA3_PERSISTENCIA_2UITests.swift */ = {isa = PBXFileReference; lastKnownFileType = sourcecode.swift; path = EVA3_PERSISTENCIA_2UITests.swift; sourceTree = "<group>"; };
		29966C2C1EC222FF00722E0B /* Info.plist */ = {isa = PBXFileReference; lastKnownFileType = text.plist.xml; path = Info.plist; sourceTree = "<group>"; };
/* End PBXFileReference section */

/* Begin PBXFrameworksBuildPhase section */
		29966C041EC222FF00722E0B /* Frameworks */ = {
			isa = PBXFrameworksBuildPhase;
			buildActionMask = 2147483647;
			files = (
			);
			runOnlyForDeploymentPostprocessing = 0;
		};
		29966C181EC222FF00722E0B /* Frameworks */ = {
			isa = PBXFrameworksBuildPhase;
			buildActionMask = 2147483647;
			files = (
			);
			runOnlyForDeploymentPostprocessing = 0;
		};
		29966C231EC222FF00722E0B /* Frameworks */ = {
			isa = PBXFrameworksBuildPhase;
			buildActionMask = 2147483647;
			files = (
			);
			runOnlyForDeploymentPostprocessing = 0;
		};
/* End PBXFrameworksBuildPhase section */

/* Begin PBXGroup section */
		29966BFE1EC222FF00722E0B = {
			isa = PBXGroup;
			children = (
				29966C091EC222FF00722E0B /* EVA3_PERSISTENCIA_2 */,
				29966C1E1EC222FF00722E0B /* EVA3_PERSISTENCIA_2Tests */,
				29966C291EC222FF00722E0B /* EVA3_PERSISTENCIA_2UITests */,
				29966C081EC222FF00722E0B /* Products */,
			);
			sourceTree = "<group>";
		};
		29966C081EC222FF00722E0B /* Products */ = {
			isa = PBXGroup;
			children = (
				29966C071EC222FF00722E0B /* EVA3_PERSISTENCIA_2.app */,
				29966C1B1EC222FF00722E0B /* EVA3_PERSISTENCIA_2Tests.xctest */,
				29966C261EC222FF00722E0B /* EVA3_PERSISTENCIA_2UITests.xctest */,
			);
			name = Products;
			sourceTree = "<group>";
		};
		29966C091EC222FF00722E0B /* EVA3_PERSISTENCIA_2 */ = {
			isa = PBXGroup;
			children = (
				29966C0A1EC222FF00722E0B /* AppDelegate.swift */,
				29966C0C1EC222FF00722E0B /* ViewController.swift */,
				29966C0E1EC222FF00722E0B /* Main.storyboard */,
				29966C111EC222FF00722E0B /* Assets.xcassets */,
				29966C131EC222FF00722E0B /* LaunchScreen.storyboard */,
				29966C161EC222FF00722E0B /* Info.plist */,
			);
			path = EVA3_PERSISTENCIA_2;
			sourceTree = "<group>";
		};
		29966C1E1EC222FF00722E0B /* EVA3_PERSISTENCIA_2Tests */ = {
			isa = PBXGroup;
			children = (
				29966C1F1EC222FF00722E0B /* EVA3_PERSISTENCIA_2Tests.swift */,
				29966C211EC222FF00722E0B /* Info.plist */,
			);
			path = EVA3_PERSISTENCIA_2Tests;
			sourceTree = "<group>";
		};
		29966C291EC222FF00722E0B /* EVA3_PERSISTENCIA_2UITests */ = {
			isa = PBXGroup;
			children = (
				29966C2A1EC222FF00722E0B /* EVA3_PERSISTENCIA_2UITests.swift */,
				29966C2C1EC222FF00722E0B /* Info.plist */,
			);
			path = EVA3_PERSISTENCIA_2UITests;
			sourceTree = "<group>";
		};
/* End PBXGroup section */

/* Begin PBXNativeTarget section */
		29966C061EC222FF00722E0B /* EVA3_PERSISTENCIA_2 */ = {
			isa = PBXNativeTarget;
			buildConfigurationList = 29966C2F1EC222FF00722E0B /* Build configuration list for PBXNativeTarget "EVA3_PERSISTENCIA_2" */;
			buildPhases = (
				29966C031EC222FF00722E0B /* Sources */,
				29966C041EC222FF00722E0B /* Frameworks */,
				29966C051EC222FF00722E0B /* Resources */,
			);
			buildRules = (
			);
			dependencies = (
			);
			name = EVA3_PERSISTENCIA_2;
			productName = EVA3_PERSISTENCIA_2;
			productReference = 29966C071EC222FF00722E0B /* EVA3_PERSISTENCIA_2.app */;
			productType = "com.apple.product-type.application";
		};
		29966C1A1EC222FF00722E0B /* EVA3_PERSISTENCIA_2Tests */ = {
			isa = PBXNativeTarget;
			buildConfigurationList = 29966C321EC222FF00722E0B /* Build configuration list for PBXNativeTarget "EVA3_PERSISTENCIA_2Tests" */;
			buildPhases = (
				29966C171EC222FF00722E0B /* Sources */,
				29966C181EC222FF00722E0B /* Frameworks */,
				29966C191EC222FF00722E0B /* Resources */,
			);
			buildRules = (
			);
			dependencies = (
				29966C1D1EC222FF00722E0B /* PBXTargetDependency */,
			);
			name = EVA3_PERSISTENCIA_2Tests;
			productName = EVA3_PERSISTENCIA_2Tests;
			productReference = 29966C1B1EC222FF00722E0B /* EVA3_PERSISTENCIA_2Tests.xctest */;
			productType = "com.apple.product-type.bundle.unit-test";
		};
		29966C251EC222FF00722E0B /* EVA3_PERSISTENCIA_2UITests */ = {
			isa = PBXNativeTarget;
			buildConfigurationList = 29966C351EC222FF00722E0B /* Build configuration list for PBXNativeTarget "EVA3_PERSISTENCIA_2UITests" */;
			buildPhases = (
				29966C221EC222FF00722E0B /* Sources */,
				29966C231EC222FF00722E0B /* Frameworks */,
				29966C241EC222FF00722E0B /* Resources */,
			);
			buildRules = (
			);
			dependencies = (
				29966C281EC222FF00722E0B /* PBXTargetDependency */,
			);
			name = EVA3_PERSISTENCIA_2UITests;
			productName = EVA3_PERSISTENCIA_2UITests;
			productReference = 29966C261EC222FF00722E0B /* EVA3_PERSISTENCIA_2UITests.xctest */;
			productType = "com.apple.product-type.bundle.ui-testing";
		};
/* End PBXNativeTarget section */

/* Begin PBXProject section */
		29966BFF1EC222FF00722E0B /* Project object */ = {
			isa = PBXProject;
			attributes = {
				LastSwiftUpdateCheck = 0730;
				LastUpgradeCheck = 0730;
				ORGANIZATIONNAME = "JOSE CARLOS";
				TargetAttributes = {
					29966C061EC222FF00722E0B = {
						CreatedOnToolsVersion = 7.3.1;
					};
					29966C1A1EC222FF00722E0B = {
						CreatedOnToolsVersion = 7.3.1;
						TestTargetID = 29966C061EC222FF00722E0B;
					};
					29966C251EC222FF00722E0B = {
						CreatedOnToolsVersion = 7.3.1;
						TestTargetID = 29966C061EC222FF00722E0B;
					};
				};
			};
			buildConfigurationList = 29966C021EC222FF00722E0B /* Build configuration list for PBXProject "EVA3_PERSISTENCIA_2" */;
			compatibilityVersion = "Xcode 3.2";
			developmentRegion = English;
			hasScannedForEncodings = 0;
			knownRegions = (
				en,
				Base,
			);
			mainGroup = 29966BFE1EC222FF00722E0B;
			productRefGroup = 29966C081EC222FF00722E0B /* Products */;
			projectDirPath = "";
			projectRoot = "";
			targets = (
				29966C061EC222FF00722E0B /* EVA3_PERSISTENCIA_2 */,
				29966C1A1EC222FF00722E0B /* EVA3_PERSISTENCIA_2Tests */,
				29966C251EC222FF00722E0B /* EVA3_PERSISTENCIA_2UITests */,
			);
		};
/* End PBXProject section */

/* Begin PBXResourcesBuildPhase section */
		29966C051EC222FF00722E0B /* Resources */ = {
			isa = PBXResourcesBuildPhase;
			buildActionMask = 2147483647;
			files = (
				29966C151EC222FF00722E0B /* LaunchScreen.storyboard in Resources */,
				29966C121EC222FF00722E0B /* Assets.xcassets in Resources */,
				29966C101EC222FF00722E0B /* Main.storyboard in Resources */,
			);
			runOnlyForDeploymentPostprocessing = 0;
		};
		29966C191EC222FF00722E0B /* Resources */ = {
			isa = PBXResourcesBuildPhase;
			buildActionMask = 2147483647;
			files = (
			);
			runOnlyForDeploymentPostprocessing = 0;
		};
		29966C241EC222FF00722E0B /* Resources */ = {
			isa = PBXResourcesBuildPhase;
			buildActionMask = 2147483647;
			files = (
			);
			runOnlyForDeploymentPostprocessing = 0;
		};
/* End PBXResourcesBuildPhase section */

/* Begin PBXSourcesBuildPhase section */
		29966C031EC222FF00722E0B /* Sources */ = {
			isa = PBXSourcesBuildPhase;
			buildActionMask = 2147483647;
			files = (
				29966C0D1EC222FF00722E0B /* ViewController.swift in Sources */,
				29966C0B1EC222FF00722E0B /* AppDelegate.swift in Sources */,
			);
			runOnlyForDeploymentPostprocessing = 0;
		};
		29966C171EC222FF00722E0B /* Sources */ = {
			isa = PBXSourcesBuildPhase;
			buildActionMask = 2147483647;
			files = (
				29966C201EC222FF00722E0B /* EVA3_PERSISTENCIA_2Tests.swift in Sources */,
			);
			runOnlyForDeploymentPostprocessing = 0;
		};
		29966C221EC222FF00722E0B /* Sources */ = {
			isa = PBXSourcesBuildPhase;
			buildActionMask = 2147483647;
			files = (
				29966C2B1EC222FF00722E0B /* EVA3_PERSISTENCIA_2UITests.swift in Sources */,
			);
			runOnlyForDeploymentPostprocessing = 0;
		};
/* End PBXSourcesBuildPhase section */

/* Begin PBXTargetDependency section */
		29966C1D1EC222FF00722E0B /* PBXTargetDependency */ = {
			isa = PBXTargetDependency;
			target = 29966C061EC222FF00722E0B /* EVA3_PERSISTENCIA_2 */;
			targetProxy = 29966C1C1EC222FF00722E0B /* PBXContainerItemProxy */;
		};
		29966C281EC222FF00722E0B /* PBXTargetDependency */ = {
			isa = PBXTargetDependency;
			target = 29966C061EC222FF00722E0B /* EVA3_PERSISTENCIA_2 */;
			targetProxy = 29966C271EC222FF00722E0B /* PBXContainerItemProxy */;
		};
/* End PBXTargetDependency section */

/* Begin PBXVariantGroup section */
		29966C0E1EC222FF00722E0B /* Main.storyboard */ = {
			isa = PBXVariantGroup;
			children = (
				29966C0F1EC222FF00722E0B /* Base */,
			);
			name = Main.storyboard;
			sourceTree = "<group>";
		};
		29966C131EC222FF00722E0B /* LaunchScreen.storyboard */ = {
			isa = PBXVariantGroup;
			children = (
				29966C141EC222FF00722E0B /* Base */,
			);
			name = LaunchScreen.storyboard;
			sourceTree = "<group>";
		};
/* End PBXVariantGroup section */

/* Begin XCBuildConfiguration section */
		29966C2D1EC222FF00722E0B /* Debug */ = {
			isa = XCBuildConfiguration;
			buildSettings = {
				ALWAYS_SEARCH_USER_PATHS = NO;
				CLANG_ANALYZER_NONNULL = YES;
				CLANG_CXX_LANGUAGE_STANDARD = "gnu++0x";
				CLANG_CXX_LIBRARY = "libc++";
				CLANG_ENABLE_MODULES = YES;
				CLANG_ENABLE_OBJC_ARC = YES;
				CLANG_WARN_BOOL_CONVERSION = YES;
				CLANG_WARN_CONSTANT_CONVERSION = YES;
				CLANG_WARN_DIRECT_OBJC_ISA_USAGE = YES_ERROR;
				CLANG_WARN_EMPTY_BODY = YES;
				CLANG_WARN_ENUM_CONVERSION = YES;
				CLANG_WARN_INT_CONVERSION = YES;
				CLANG_WARN_OBJC_ROOT_CLASS = YES_ERROR;
				CLANG_WARN_UNREACHABLE_CODE = YES;
				CLANG_WARN__DUPLICATE_METHOD_MATCH = YES;
				"CODE_SIGN_IDENTITY[sdk=iphoneos*]" = "iPhone Developer";
				COPY_PHASE_STRIP = NO;
				DEBUG_INFORMATION_FORMAT = dwarf;
				ENABLE_STRICT_OBJC_MSGSEND = YES;
				ENABLE_TESTABILITY = YES;
				GCC_C_LANGUAGE_STANDARD = gnu99;
				GCC_DYNAMIC_NO_PIC = NO;
				GCC_NO_COMMON_BLOCKS = YES;
				GCC_OPTIMIZATION_LEVEL = 0;
				GCC_PREPROCESSOR_DEFINITIONS = (
					"DEBUG=1",
					"$(inherited)",
				);
				GCC_WARN_64_TO_32_BIT_CONVERSION = YES;
				GCC_WARN_ABOUT_RETURN_TYPE = YES_ERROR;
				GCC_WARN_UNDECLARED_SELECTOR = YES;
				GCC_WARN_UNINITIALIZED_AUTOS = YES_AGGRESSIVE;
				GCC_WARN_UNUSED_FUNCTION = YES;
				GCC_WARN_UNUSED_VARIABLE = YES;
				IPHONEOS_DEPLOYMENT_TARGET = 9.3;
				MTL_ENABLE_DEBUG_INFO = YES;
				ONLY_ACTIVE_ARCH = YES;
				SDKROOT = iphoneos;
				SWIFT_OPTIMIZATION_LEVEL = "-Onone";
				TARGETED_DEVICE_FAMILY = "1,2";
			};
			name = Debug;
		};
		29966C2E1EC222FF00722E0B /* Release */ = {
			isa = XCBuildConfiguration;
			buildSettings = {
				ALWAYS_SEARCH_USER_PATHS = NO;
				CLANG_ANALYZER_NONNULL = YES;
				CLANG_CXX_LANGUAGE_STANDARD = "gnu++0x";
				CLANG_CXX_LIBRARY = "libc++";
				CLANG_ENABLE_MODULES = YES;
				CLANG_ENABLE_OBJC_ARC = YES;
				CLANG_WARN_BOOL_CONVERSION = YES;
				CLANG_WARN_CONSTANT_CONVERSION = YES;
				CLANG_WARN_DIRECT_OBJC_ISA_USAGE = YES_ERROR;
				CLANG_WARN_EMPTY_BODY = YES;
				CLANG_WARN_ENUM_CONVERSION = YES;
				CLANG_WARN_INT_CONVERSION = YES;
				CLANG_WARN_OBJC_ROOT_CLASS = YES_ERROR;
				CLANG_WARN_UNREACHABLE_CODE = YES;
				CLANG_WARN__DUPLICATE_METHOD_MATCH = YES;
				"CODE_SIGN_IDENTITY[sdk=iphoneos*]" = "iPhone Developer";
				COPY_PHASE_STRIP = NO;
				DEBUG_INFORMATION_FORMAT = "dwarf-with-dsym";
				ENABLE_NS_ASSERTIONS = NO;
				ENABLE_STRICT_OBJC_MSGSEND = YES;
				GCC_C_LANGUAGE_STANDARD = gnu99;
				GCC_NO_COMMON_BLOCKS = YES;
				GCC_WARN_64_TO_32_BIT_CONVERSION = YES;
				GCC_WARN_ABOUT_RETURN_TYPE = YES_ERROR;
				GCC_WARN_UNDECLARED_SELECTOR = YES;
				GCC_WARN_UNINITIALIZED_AUTOS = YES_AGGRESSIVE;
				GCC_WARN_UNUSED_FUNCTION = YES;
				GCC_WARN_UNUSED_VARIABLE = YES;
				IPHONEOS_DEPLOYMENT_TARGET = 9.3;
				MTL_ENABLE_DEBUG_INFO = NO;
				SDKROOT = iphoneos;
				TARGETED_DEVICE_FAMILY = "1,2";
				VALIDATE_PRODUCT = YES;
			};
			name = Release;
		};
		29966C301EC222FF00722E0B /* Debug */ = {
			isa = XCBuildConfiguration;
			buildSettings = {
				ASSETCATALOG_COMPILER_APPICON_NAME = AppIcon;
				INFOPLIST_FILE = EVA3_PERSISTENCIA_2/Info.plist;
				LD_RUNPATH_SEARCH_PATHS = "$(inherited) @executable_path/Frameworks";
				PRODUCT_BUNDLE_IDENTIFIER = "com.jose.EVA3-PERSISTENCIA-2";
				PRODUCT_NAME = "$(TARGET_NAME)";
			};
			name = Debug;
		};
		29966C311EC222FF00722E0B /* Release */ = {
			isa = XCBuildConfiguration;
			buildSettings = {
				ASSETCATALOG_COMPILER_APPICON_NAME = AppIcon;
				INFOPLIST_FILE = EVA3_PERSISTENCIA_2/Info.plist;
				LD_RUNPATH_SEARCH_PATHS = "$(inherited) @executable_path/Frameworks";
				PRODUCT_BUNDLE_IDENTIFIER = "com.jose.EVA3-PERSISTENCIA-2";
				PRODUCT_NAME = "$(TARGET_NAME)";
			};
			name = Release;
		};
		29966C331EC222FF00722E0B /* Debug */ = {
			isa = XCBuildConfiguration;
			buildSettings = {
				BUNDLE_LOADER = "$(TEST_HOST)";
				INFOPLIST_FILE = EVA3_PERSISTENCIA_2Tests/Info.plist;
				LD_RUNPATH_SEARCH_PATHS = "$(inherited) @executable_path/Frameworks @loader_path/Frameworks";
				PRODUCT_BUNDLE_IDENTIFIER = "com.jose.EVA3-PERSISTENCIA-2Tests";
				PRODUCT_NAME = "$(TARGET_NAME)";
				TEST_HOST = "$(BUILT_PRODUCTS_DIR)/EVA3_PERSISTENCIA_2.app/EVA3_PERSISTENCIA_2";
			};
			name = Debug;
		};
		29966C341EC222FF00722E0B /* Release */ = {
			isa = XCBuildConfiguration;
			buildSettings = {
				BUNDLE_LOADER = "$(TEST_HOST)";
				INFOPLIST_FILE = EVA3_PERSISTENCIA_2Tests/Info.plist;
				LD_RUNPATH_SEARCH_PATHS = "$(inherited) @executable_path/Frameworks @loader_path/Frameworks";
				PRODUCT_BUNDLE_IDENTIFIER = "com.jose.EVA3-PERSISTENCIA-2Tests";
				PRODUCT_NAME = "$(TARGET_NAME)";
				TEST_HOST = "$(BUILT_PRODUCTS_DIR)/EVA3_PERSISTENCIA_2.app/EVA3_PERSISTENCIA_2";
			};
			name = Release;
		};
		29966C361EC222FF00722E0B /* Debug */ = {
			isa = XCBuildConfiguration;
			buildSettings = {
				INFOPLIST_FILE = EVA3_PERSISTENCIA_2UITests/Info.plist;
				LD_RUNPATH_SEARCH_PATHS = "$(inherited) @executable_path/Frameworks @loader_path/Frameworks";
				PRODUCT_BUNDLE_IDENTIFIER = "com.jose.EVA3-PERSISTENCIA-2UITests";
				PRODUCT_NAME = "$(TARGET_NAME)";
				TEST_TARGET_NAME = EVA3_PERSISTENCIA_2;
			};
			name = Debug;
		};
		29966C371EC222FF00722E0B /* Release */ = {
			isa = XCBuildConfiguration;
			buildSettings = {
				INFOPLIST_FILE = EVA3_PERSISTENCIA_2UITests/Info.plist;
				LD_RUNPATH_SEARCH_PATHS = "$(inherited) @executable_path/Frameworks @loader_path/Frameworks";
				PRODUCT_BUNDLE_IDENTIFIER = "com.jose.EVA3-PERSISTENCIA-2UITests";
				PRODUCT_NAME = "$(TARGET_NAME)";
				TEST_TARGET_NAME = EVA3_PERSISTENCIA_2;
			};
			name = Release;
		};
/* End XCBuildConfiguration section */

/* Begin XCConfigurationList section */
		29966C021EC222FF00722E0B /* Build configuration list for PBXProject "EVA3_PERSISTENCIA_2" */ = {
			isa = XCConfigurationList;
			buildConfigurations = (
				29966C2D1EC222FF00722E0B /* Debug */,
				29966C2E1EC222FF00722E0B /* Release */,
			);
			defaultConfigurationIsVisible = 0;
			defaultConfigurationName = Release;
		};
		29966C2F1EC222FF00722E0B /* Build configuration list for PBXNativeTarget "EVA3_PERSISTENCIA_2" */ = {
			isa = XCConfigurationList;
			buildConfigurations = (
				29966C301EC222FF00722E0B /* Debug */,
				29966C311EC222FF00722E0B /* Release */,
			);
			defaultConfigurationIsVisible = 0;
		};
		29966C321EC222FF00722E0B /* Build configuration list for PBXNativeTarget "EVA3_PERSISTENCIA_2Tests" */ = {
			isa = XCConfigurationList;
			buildConfigurations = (
				29966C331EC222FF00722E0B /* Debug */,
				29966C341EC222FF00722E0B /* Release */,
			);
			defaultConfigurationIsVisible = 0;
		};
		29966C351EC222FF00722E0B /* Build configuration list for PBXNativeTarget "EVA3_PERSISTENCIA_2UITests" */ = {
			isa = XCConfigurationList;
			buildConfigurations = (
				29966C361EC222FF00722E0B /* Debug */,
				29966C371EC222FF00722E0B /* Release */,
			);
			defaultConfigurationIsVisible = 0;
		};
/* End XCConfigurationList section */
	};
	rootObject = 29966BFF1EC222FF00722E0B /* Project object */;
}
